{
  "nodes": {
    "nixpkgs": {
      "locked": {
        "lastModified": 1616403673,
        "narHash": "sha256-ruWyiaz2lJV6uzE3Gb7V0AmxZywc3Xe3Pe8sW6pgL20=",
        "owner": "NixOS",
        "repo": "nixpkgs",
        "rev": "a1b2b1225c7196428dff004a23393265e7803e11",
        "type": "github"
      },
      "original": {
        "id": "nixpkgs",
        "type": "indirect"
      }
    },
    "root": {
      "inputs": {
        "nixpkgs": "nixpkgs"
      }
    }
  },
  "root": "root",
  "version": 7
}
